
Microsoft Visual Studio Solution File, Format Version 12.00
# Visual Studio Version 17
VisualStudioVersion = 17.4.33213.308
MinimumVisualStudioVersion = 10.0.40219.1
Project("{8BC9CEB8-8B4A-11D0-8D11-00A0C91BC942}") = "1120306-08_ITSA NO-03", "1120306-08_ITSA NO-03.vcxproj", "{3EB5AFEA-391D-4F5A-9E46-983AD46CA89E}"
EndProject
Global
	GlobalSection(SolutionConfigurationPlatforms) = preSolution
		Debug|x64 = Debug|x64
		Debug|x86 = Debug|x86
		Release|x64 = Release|x64
		Release|x86 = Release|x86
	EndGlobalSection
	GlobalSection(ProjectConfigurationPlatforms) = postSolution
		{3EB5AFEA-391D-4F5A-9E46-983AD46CA89E}.Debug|x64.ActiveCfg = Debug|x64
		{3EB5AFEA-391D-4F5A-9E46-983AD46CA89E}.Debug|x64.Build.0 = Debug|x64
		{3EB5AFEA-391D-4F5A-9E46-983AD46CA89E}.Debug|x86.ActiveCfg = Debug|Win32
		{3EB5AFEA-391D-4F5A-9E46-983AD46CA89E}.Debug|x86.Build.0 = Debug|Win32
		{3EB5AFEA-391D-4F5A-9E46-983AD46CA89E}.Release|x64.ActiveCfg = Release|x64
		{3EB5AFEA-391D-4F5A-9E46-983AD46CA89E}.Release|x64.Build.0 = Release|x64
		{3EB5AFEA-391D-4F5A-9E46-983AD46CA89E}.Release|x86.ActiveCfg = Release|Win32
		{3EB5AFEA-391D-4F5A-9E46-983AD46CA89E}.Release|x86.Build.0 = Release|Win32
	EndGlobalSection
	GlobalSection(SolutionProperties) = preSolution
		HideSolutionNode = FALSE
	EndGlobalSection
	GlobalSection(ExtensibilityGlobals) = postSolution
		SolutionGuid = {A87402C4-B133-4E34-B5DB-4154B72E7E74}
	EndGlobalSection
EndGlobal
